{
  "originHash" : "a0b38befb4b1948c30eb44b7980ab3c07c640f7e2348c77415199896f8e72f4f",
  "pins" : [
    {
      "identity" : "defaults",
      "kind" : "remoteSourceControl",
      "location" : "https://github.com/sindresorhus/Defaults",
      "state" : {
        "revision" : "38925e3cfacf3fb89a81a35b1cd44fd5a5b7e0fa",
        "version" : "8.2.0"
      }
    },
    {
      "identity" : "launchatlogin",
      "kind" : "remoteSourceControl",
      "location" : "https://github.com/sindresorhus/LaunchAtLogin",
      "state" : {
        "revision" : "9a894d799269cb591037f9f9cb0961510d4dca81",
        "version" : "5.0.2"
      }
    },
    {
      "identity" : "subprocess",
      "kind" : "remoteSourceControl",
      "location" : "https://github.com/jamf/Subprocess.git",
      "state" : {
        "revision" : "8fdaf02e66a46078d034a8bbab4fb74bf8067cdf",
        "version" : "3.0.7"
      }
    }
  ],
  "version" : 3
}
